
Microsoft Visual Studio Solution File, Format Version 12.00
# Visual Studio Version 16
VisualStudioVersion = 16.0.31025.194
MinimumVisualStudioVersion = 10.0.40219.1
Project("{9A19103F-16F7-4668-BE54-9A1E7A4F7556}") = "PaymentAPI", "PaymentAPI\PaymentAPI.csproj", "{F2E3FB5E-02C0-4DD7-A725-992E2EA4E874}"
EndProject
Global
	GlobalSection(SolutionConfigurationPlatforms) = preSolution
		Debug|Any CPU = Debug|Any CPU
		Release|Any CPU = Release|Any CPU
	EndGlobalSection
	GlobalSection(ProjectConfigurationPlatforms) = postSolution
		{F2E3FB5E-02C0-4DD7-A725-992E2EA4E874}.Debug|Any CPU.ActiveCfg = Debug|Any CPU
		{F2E3FB5E-02C0-4DD7-A725-992E2EA4E874}.Debug|Any CPU.Build.0 = Debug|Any CPU
		{F2E3FB5E-02C0-4DD7-A725-992E2EA4E874}.Release|Any CPU.ActiveCfg = Release|Any CPU
		{F2E3FB5E-02C0-4DD7-A725-992E2EA4E874}.Release|Any CPU.Build.0 = Release|Any CPU
	EndGlobalSection
	GlobalSection(SolutionProperties) = preSolution
		HideSolutionNode = FALSE
	EndGlobalSection
	GlobalSection(ExtensibilityGlobals) = postSolution
		SolutionGuid = {27B7A8F3-606A-456F-AAC2-F84D18F4B3D3}
	EndGlobalSection
EndGlobal
